// !$*UTF8*$!
{
	archiveVersion = 1;
	classes = {
	};
	objectVersion = 50;
	objects = {

/* Begin PBXBuildFile section */
		312D9FF42121601500518324 /* ViewController.m in Sources */ = {isa = PBXBuildFile; fileRef = 31DCC34C21205FA10003F03A /* ViewController.m */; };
		312D9FF821217E6100518324 /* NSStringHelper.m in Sources */ = {isa = PBXBuildFile; fileRef = 312D9FF721217E6100518324 /* NSStringHelper.m */; };
		312D9FFB2121B51A00518324 /* UploadRequestDTORequest.m in Sources */ = {isa = PBXBuildFile; fileRef = 312D9FFA2121B51A00518324 /* UploadRequestDTORequest.m */; };
		312D9FFF2122B50900518324 /* AddAvatarDTORequest.m in Sources */ = {isa = PBXBuildFile; fileRef = 312D9FFE2122B50900518324 /* AddAvatarDTORequest.m */; };
		312DA0032122B64900518324 /* UploadRequestDTOResponse.m in Sources */ = {isa = PBXBuildFile; fileRef = 312DA0022122B64900518324 /* UploadRequestDTOResponse.m */; };
		312DA0052122B80300518324 /* DeleteAvatarsDTOResponse.m in Sources */ = {isa = PBXBuildFile; fileRef = 312DA0042122B80300518324 /* DeleteAvatarsDTOResponse.m */; };
		312DA00A2122C56100518324 /* DocumentDTORequest.m in Sources */ = {isa = PBXBuildFile; fileRef = 312DA0092122C56100518324 /* DocumentDTORequest.m */; };
		312DA00E2122C63F00518324 /* DocumentDTOResponse.m in Sources */ = {isa = PBXBuildFile; fileRef = 312DA00D2122C63F00518324 /* DocumentDTOResponse.m */; };
		312DA0172122DA2200518324 /* AddOrReplaceCountryDTOResponse.m in Sources */ = {isa = PBXBuildFile; fileRef = 312DA0162122DA2200518324 /* AddOrReplaceCountryDTOResponse.m */; };
		31DCC34A21205FA00003F03A /* AppDelegate.m in Sources */ = {isa = PBXBuildFile; fileRef = 31DCC34921205FA00003F03A /* AppDelegate.m */; };
		31DCC35021205FA10003F03A /* Main.storyboard in Resources */ = {isa = PBXBuildFile; fileRef = 31DCC34E21205FA10003F03A /* Main.storyboard */; };
		31DCC35221205FA10003F03A /* Assets.xcassets in Resources */ = {isa = PBXBuildFile; fileRef = 31DCC35121205FA10003F03A /* Assets.xcassets */; };
		31DCC35521205FA10003F03A /* LaunchScreen.storyboard in Resources */ = {isa = PBXBuildFile; fileRef = 31DCC35321205FA10003F03A /* LaunchScreen.storyboard */; };
		31DCC35821205FA10003F03A /* main.m in Sources */ = {isa = PBXBuildFile; fileRef = 31DCC35721205FA10003F03A /* main.m */; };
		31DCC3C921205FB60003F03A /* CookieService.m in Sources */ = {isa = PBXBuildFile; fileRef = 31DCC36121205FB60003F03A /* CookieService.m */; };
		31DCC3CA21205FB60003F03A /* MyExRestAPIService.m in Sources */ = {isa = PBXBuildFile; fileRef = 31DCC36221205FB60003F03A /* MyExRestAPIService.m */; };
		31DCC3CB21205FB60003F03A /* LoginDTOResponse.m in Sources */ = {isa = PBXBuildFile; fileRef = 31DCC36821205FB60003F03A /* LoginDTOResponse.m */; };
		31DCC3CC21205FB60003F03A /* Paging.m in Sources */ = {isa = PBXBuildFile; fileRef = 31DCC36921205FB60003F03A /* Paging.m */; };
		31DCC3CD21205FB60003F03A /* ReferralDetailsDTOResponse.m in Sources */ = {isa = PBXBuildFile; fileRef = 31DCC36B21205FB60003F03A /* ReferralDetailsDTOResponse.m */; };
		31DCC3CE21205FB60003F03A /* ReferralsDTOResponse.m in Sources */ = {isa = PBXBuildFile; fileRef = 31DCC36E21205FB60003F03A /* ReferralsDTOResponse.m */; };
		31DCC3CF21205FB60003F03A /* ReferralInfoDTOResponse.m in Sources */ = {isa = PBXBuildFile; fileRef = 31DCC37021205FB60003F03A /* ReferralInfoDTOResponse.m */; };
		31DCC3D021205FB60003F03A /* WalletDepositDTOResponse.m in Sources */ = {isa = PBXBuildFile; fileRef = 31DCC37321205FB60003F03A /* WalletDepositDTOResponse.m */; };
		31DCC3D121205FB60003F03A /* Country.m in Sources */ = {isa = PBXBuildFile; fileRef = 31DCC37521205FB60003F03A /* Country.m */; };
		31DCC3D221205FB60003F03A /* AddCountryDTOResponse.m in Sources */ = {isa = PBXBuildFile; fileRef = 31DCC37A21205FB60003F03A /* AddCountryDTOResponse.m */; };
		31DCC3D321205FB60003F03A /* AllCountriesDTOResponse.m in Sources */ = {isa = PBXBuildFile; fileRef = 31DCC37B21205FB60003F03A /* AllCountriesDTOResponse.m */; };
		31DCC3D421205FB60003F03A /* GetCountryDTOResponse.m in Sources */ = {isa = PBXBuildFile; fileRef = 31DCC37C21205FB60003F03A /* GetCountryDTOResponse.m */; };
		31DCC3D521205FB60003F03A /* ResponseError.m in Sources */ = {isa = PBXBuildFile; fileRef = 31DCC37D21205FB60003F03A /* ResponseError.m */; };
		31DCC3D621205FB60003F03A /* Filters.m in Sources */ = {isa = PBXBuildFile; fileRef = 31DCC37E21205FB60003F03A /* Filters.m */; };
		31DCC3D721205FB60003F03A /* UserInfoDTOResponse.m in Sources */ = {isa = PBXBuildFile; fileRef = 31DCC38021205FB60003F03A /* UserInfoDTOResponse.m */; };
		31DCC3D821205FB60003F03A /* User2FADTOResponse.m in Sources */ = {isa = PBXBuildFile; fileRef = 31DCC38221205FB60003F03A /* User2FADTOResponse.m */; };
		31DCC3D921205FB60003F03A /* AssetDTOResponse.m in Sources */ = {isa = PBXBuildFile; fileRef = 31DCC38421205FB60003F03A /* AssetDTOResponse.m */; };
		31DCC3DA21205FB60003F03A /* SettingsDTOResponse.m in Sources */ = {isa = PBXBuildFile; fileRef = 31DCC38721205FB60003F03A /* SettingsDTOResponse.m */; };
		31DCC3DB21205FB60003F03A /* AssetsInfoDTOResponse.m in Sources */ = {isa = PBXBuildFile; fileRef = 31DCC38C21205FB60003F03A /* AssetsInfoDTOResponse.m */; };
		31DCC3DC21205FB60003F03A /* OrderDTOResponse.m in Sources */ = {isa = PBXBuildFile; fileRef = 31DCC38F21205FB60003F03A /* OrderDTOResponse.m */; };
		31DCC3DD21205FB60003F03A /* MakeOrderDTOResponse.m in Sources */ = {isa = PBXBuildFile; fileRef = 31DCC39021205FB60003F03A /* MakeOrderDTOResponse.m */; };
		31DCC3DE21205FB60003F03A /* UserOrdersDTOResponse.m in Sources */ = {isa = PBXBuildFile; fileRef = 31DCC39221205FB60003F03A /* UserOrdersDTOResponse.m */; };
		31DCC3DF21205FB60003F03A /* AssetsDTOResponse.m in Sources */ = {isa = PBXBuildFile; fileRef = 31DCC39321205FB60003F03A /* AssetsDTOResponse.m */; };
		31DCC3E021205FB60003F03A /* OrderHistoryDTOResponse.m in Sources */ = {isa = PBXBuildFile; fileRef = 31DCC39721205FB60003F03A /* OrderHistoryDTOResponse.m */; };
		31DCC3E121205FB60003F03A /* DeleteOrdersDTOResponse.m in Sources */ = {isa = PBXBuildFile; fileRef = 31DCC39A21205FB60003F03A /* DeleteOrdersDTOResponse.m */; };
		31DCC3E221205FB60003F03A /* LoginDTORequest.m in Sources */ = {isa = PBXBuildFile; fileRef = 31DCC39F21205FB60003F03A /* LoginDTORequest.m */; };
		31DCC3E521205FB60003F03A /* WalletDepositDTORequest.m in Sources */ = {isa = PBXBuildFile; fileRef = 31DCC3A621205FB60003F03A /* WalletDepositDTORequest.m */; };
		31DCC3E621205FB60003F03A /* WithdrawalDTORequest.m in Sources */ = {isa = PBXBuildFile; fileRef = 31DCC3A921205FB60003F03A /* WithdrawalDTORequest.m */; };
		31DCC3E721205FB60003F03A /* CountryDTORequest.m in Sources */ = {isa = PBXBuildFile; fileRef = 31DCC3AB21205FB60003F03A /* CountryDTORequest.m */; };
		31DCC3EB21205FB60003F03A /* EmailConfirmationDTORequest.m in Sources */ = {isa = PBXBuildFile; fileRef = 31DCC3B521205FB60003F03A /* EmailConfirmationDTORequest.m */; };
		31DCC3EC21205FB60003F03A /* PasswordReetDTORequest.m in Sources */ = {isa = PBXBuildFile; fileRef = 31DCC3B821205FB60003F03A /* PasswordReetDTORequest.m */; };
		31DCC3ED21205FB60003F03A /* PasswordDTORequest.m in Sources */ = {isa = PBXBuildFile; fileRef = 31DCC3BA21205FB60003F03A /* PasswordDTORequest.m */; };
		31DCC3EE21205FB60003F03A /* ResendConfirmationEmailDTORequest.m in Sources */ = {isa = PBXBuildFile; fileRef = 31DCC3BC21205FB60003F03A /* ResendConfirmationEmailDTORequest.m */; };
		31DCC3EF21205FB60003F03A /* SettingDTORequest.m in Sources */ = {isa = PBXBuildFile; fileRef = 31DCC3BE21205FB60003F03A /* SettingDTORequest.m */; };
		31DCC3F321205FB60003F03A /* NewOrderDTORequest.m in Sources */ = {isa = PBXBuildFile; fileRef = 31DCC3C821205FB60003F03A /* NewOrderDTORequest.m */; };
/* End PBXBuildFile section */

/* Begin PBXFileReference section */
		312D9FF621217E5200518324 /* NSStringHelper.h */ = {isa = PBXFileReference; lastKnownFileType = sourcecode.c.h; path = NSStringHelper.h; sourceTree = "<group>"; };
		312D9FF721217E6100518324 /* NSStringHelper.m */ = {isa = PBXFileReference; lastKnownFileType = sourcecode.c.objc; path = NSStringHelper.m; sourceTree = "<group>"; };
		312D9FFA2121B51A00518324 /* UploadRequestDTORequest.m */ = {isa = PBXFileReference; lastKnownFileType = sourcecode.c.objc; path = UploadRequestDTORequest.m; sourceTree = "<group>"; };
		312D9FFC2121B52700518324 /* UploadRequestDTORequest.h */ = {isa = PBXFileReference; lastKnownFileType = sourcecode.c.h; path = UploadRequestDTORequest.h; sourceTree = "<group>"; };
		312D9FFD2122B4F600518324 /* AddAvatarDTORequest.h */ = {isa = PBXFileReference; lastKnownFileType = sourcecode.c.h; path = AddAvatarDTORequest.h; sourceTree = "<group>"; };
		312D9FFE2122B50900518324 /* AddAvatarDTORequest.m */ = {isa = PBXFileReference; lastKnownFileType = sourcecode.c.objc; path = AddAvatarDTORequest.m; sourceTree = "<group>"; };
		312DA0012122B63700518324 /* UploadRequestDTOResponse.h */ = {isa = PBXFileReference; lastKnownFileType = sourcecode.c.h; path = UploadRequestDTOResponse.h; sourceTree = "<group>"; };
		312DA0022122B64900518324 /* UploadRequestDTOResponse.m */ = {isa = PBXFileReference; lastKnownFileType = sourcecode.c.objc; path = UploadRequestDTOResponse.m; sourceTree = "<group>"; };
		312DA0042122B80300518324 /* DeleteAvatarsDTOResponse.m */ = {isa = PBXFileReference; lastKnownFileType = sourcecode.c.objc; path = DeleteAvatarsDTOResponse.m; sourceTree = "<group>"; };
		312DA0062122B81300518324 /* DeleteAvatarsDTOResponse.h */ = {isa = PBXFileReference; lastKnownFileType = sourcecode.c.h; path = DeleteAvatarsDTOResponse.h; sourceTree = "<group>"; };
		312DA0082122C55100518324 /* DocumentDTORequest.h */ = {isa = PBXFileReference; lastKnownFileType = sourcecode.c.h; path = DocumentDTORequest.h; sourceTree = "<group>"; };
		312DA0092122C56100518324 /* DocumentDTORequest.m */ = {isa = PBXFileReference; lastKnownFileType = sourcecode.c.objc; path = DocumentDTORequest.m; sourceTree = "<group>"; };
		312DA00C2122C63100518324 /* DocumentDTOResponse.h */ = {isa = PBXFileReference; lastKnownFileType = sourcecode.c.h; path = DocumentDTOResponse.h; sourceTree = "<group>"; };
		312DA00D2122C63F00518324 /* DocumentDTOResponse.m */ = {isa = PBXFileReference; lastKnownFileType = sourcecode.c.objc; path = DocumentDTOResponse.m; sourceTree = "<group>"; };
		312DA0162122DA2200518324 /* AddOrReplaceCountryDTOResponse.m */ = {isa = PBXFileReference; lastKnownFileType = sourcecode.c.objc; path = AddOrReplaceCountryDTOResponse.m; sourceTree = "<group>"; };
		312DA0182122DA3400518324 /* AddOrReplaceCountryDTOResponse.h */ = {isa = PBXFileReference; lastKnownFileType = sourcecode.c.h; path = AddOrReplaceCountryDTOResponse.h; sourceTree = "<group>"; };
		31DCC34521205FA00003F03A /* MyExRestAPIService.app */ = {isa = PBXFileReference; explicitFileType = wrapper.application; includeInIndex = 0; path = MyExRestAPIService.app; sourceTree = BUILT_PRODUCTS_DIR; };
		31DCC34821205FA00003F03A /* AppDelegate.h */ = {isa = PBXFileReference; lastKnownFileType = sourcecode.c.h; path = AppDelegate.h; sourceTree = "<group>"; };
		31DCC34921205FA00003F03A /* AppDelegate.m */ = {isa = PBXFileReference; lastKnownFileType = sourcecode.c.objc; path = AppDelegate.m; sourceTree = "<group>"; };
		31DCC34B21205FA00003F03A /* ViewController.h */ = {isa = PBXFileReference; lastKnownFileType = sourcecode.c.h; path = ViewController.h; sourceTree = "<group>"; };
		31DCC34C21205FA10003F03A /* ViewController.m */ = {isa = PBXFileReference; explicitFileType = sourcecode.c.objc; path = ViewController.m; sourceTree = "<group>"; };
		31DCC34F21205FA10003F03A /* Base */ = {isa = PBXFileReference; lastKnownFileType = file.storyboard; name = Base; path = Base.lproj/Main.storyboard; sourceTree = "<group>"; };
		31DCC35121205FA10003F03A /* Assets.xcassets */ = {isa = PBXFileReference; lastKnownFileType = folder.assetcatalog; path = Assets.xcassets; sourceTree = "<group>"; };
		31DCC35421205FA10003F03A /* Base */ = {isa = PBXFileReference; lastKnownFileType = file.storyboard; name = Base; path = Base.lproj/LaunchScreen.storyboard; sourceTree = "<group>"; };
		31DCC35621205FA10003F03A /* Info.plist */ = {isa = PBXFileReference; lastKnownFileType = text.plist.xml; path = Info.plist; sourceTree = "<group>"; };
		31DCC35721205FA10003F03A /* main.m */ = {isa = PBXFileReference; lastKnownFileType = sourcecode.c.objc; path = main.m; sourceTree = "<group>"; };
		31DCC35F21205FB60003F03A /* CookieService.h */ = {isa = PBXFileReference; fileEncoding = 4; lastKnownFileType = sourcecode.c.h; path = CookieService.h; sourceTree = "<group>"; };
		31DCC36021205FB60003F03A /* MyExRestAPIService.h */ = {isa = PBXFileReference; fileEncoding = 4; lastKnownFileType = sourcecode.c.h; path = MyExRestAPIService.h; sourceTree = "<group>"; };
		31DCC36121205FB60003F03A /* CookieService.m */ = {isa = PBXFileReference; fileEncoding = 4; lastKnownFileType = sourcecode.c.objc; path = CookieService.m; sourceTree = "<group>"; };
		31DCC36221205FB60003F03A /* MyExRestAPIService.m */ = {isa = PBXFileReference; fileEncoding = 4; lastKnownFileType = sourcecode.c.objc; path = MyExRestAPIService.m; sourceTree = "<group>"; };
		31DCC36521205FB60003F03A /* AssetDTOResponse.h */ = {isa = PBXFileReference; fileEncoding = 4; lastKnownFileType = sourcecode.c.h; path = AssetDTOResponse.h; sourceTree = "<group>"; };
		31DCC36721205FB60003F03A /* LoginDTOResponse.h */ = {isa = PBXFileReference; fileEncoding = 4; lastKnownFileType = sourcecode.c.h; path = LoginDTOResponse.h; sourceTree = "<group>"; };
		31DCC36821205FB60003F03A /* LoginDTOResponse.m */ = {isa = PBXFileReference; fileEncoding = 4; lastKnownFileType = sourcecode.c.objc; path = LoginDTOResponse.m; sourceTree = "<group>"; };
		31DCC36921205FB60003F03A /* Paging.m */ = {isa = PBXFileReference; fileEncoding = 4; lastKnownFileType = sourcecode.c.objc; path = Paging.m; sourceTree = "<group>"; };
		31DCC36B21205FB60003F03A /* ReferralDetailsDTOResponse.m */ = {isa = PBXFileReference; fileEncoding = 4; lastKnownFileType = sourcecode.c.objc; path = ReferralDetailsDTOResponse.m; sourceTree = "<group>"; };
		31DCC36C21205FB60003F03A /* ReferralsDTOResponse.h */ = {isa = PBXFileReference; fileEncoding = 4; lastKnownFileType = sourcecode.c.h; path = ReferralsDTOResponse.h; sourceTree = "<group>"; };
		31DCC36D21205FB60003F03A /* ReferralInfoDTOResponse.h */ = {isa = PBXFileReference; fileEncoding = 4; lastKnownFileType = sourcecode.c.h; path = ReferralInfoDTOResponse.h; sourceTree = "<group>"; };
		31DCC36E21205FB60003F03A /* ReferralsDTOResponse.m */ = {isa = PBXFileReference; fileEncoding = 4; lastKnownFileType = sourcecode.c.objc; path = ReferralsDTOResponse.m; sourceTree = "<group>"; };
		31DCC36F21205FB60003F03A /* ReferralDetailsDTOResponse.h */ = {isa = PBXFileReference; fileEncoding = 4; lastKnownFileType = sourcecode.c.h; path = ReferralDetailsDTOResponse.h; sourceTree = "<group>"; };
		31DCC37021205FB60003F03A /* ReferralInfoDTOResponse.m */ = {isa = PBXFileReference; fileEncoding = 4; lastKnownFileType = sourcecode.c.objc; path = ReferralInfoDTOResponse.m; sourceTree = "<group>"; };
		31DCC37221205FB60003F03A /* WalletDepositDTOResponse.h */ = {isa = PBXFileReference; fileEncoding = 4; lastKnownFileType = sourcecode.c.h; path = WalletDepositDTOResponse.h; sourceTree = "<group>"; };
		31DCC37321205FB60003F03A /* WalletDepositDTOResponse.m */ = {isa = PBXFileReference; fileEncoding = 4; lastKnownFileType = sourcecode.c.objc; path = WalletDepositDTOResponse.m; sourceTree = "<group>"; };
		31DCC37521205FB60003F03A /* Country.m */ = {isa = PBXFileReference; fileEncoding = 4; lastKnownFileType = sourcecode.c.objc; path = Country.m; sourceTree = "<group>"; };
		31DCC37621205FB60003F03A /* AllCountriesDTOResponse.h */ = {isa = PBXFileReference; fileEncoding = 4; lastKnownFileType = sourcecode.c.h; path = AllCountriesDTOResponse.h; sourceTree = "<group>"; };
		31DCC37721205FB60003F03A /* AddCountryDTOResponse.h */ = {isa = PBXFileReference; fileEncoding = 4; lastKnownFileType = sourcecode.c.h; path = AddCountryDTOResponse.h; sourceTree = "<group>"; };
		31DCC37821205FB60003F03A /* GetCountryDTOResponse.h */ = {isa = PBXFileReference; fileEncoding = 4; lastKnownFileType = sourcecode.c.h; path = GetCountryDTOResponse.h; sourceTree = "<group>"; };
		31DCC37921205FB60003F03A /* Country.h */ = {isa = PBXFileReference; fileEncoding = 4; lastKnownFileType = sourcecode.c.h; path = Country.h; sourceTree = "<group>"; };
		31DCC37A21205FB60003F03A /* AddCountryDTOResponse.m */ = {isa = PBXFileReference; fileEncoding = 4; lastKnownFileType = sourcecode.c.objc; path = AddCountryDTOResponse.m; sourceTree = "<group>"; };
		31DCC37B21205FB60003F03A /* AllCountriesDTOResponse.m */ = {isa = PBXFileReference; fileEncoding = 4; lastKnownFileType = sourcecode.c.objc; path = AllCountriesDTOResponse.m; sourceTree = "<group>"; };
		31DCC37C21205FB60003F03A /* GetCountryDTOResponse.m */ = {isa = PBXFileReference; fileEncoding = 4; lastKnownFileType = sourcecode.c.objc; path = GetCountryDTOResponse.m; sourceTree = "<group>"; };
		31DCC37D21205FB60003F03A /* ResponseError.m */ = {isa = PBXFileReference; fileEncoding = 4; lastKnownFileType = sourcecode.c.objc; path = ResponseError.m; sourceTree = "<group>"; };
		31DCC37E21205FB60003F03A /* Filters.m */ = {isa = PBXFileReference; fileEncoding = 4; lastKnownFileType = sourcecode.c.objc; path = Filters.m; sourceTree = "<group>"; };
		31DCC38021205FB60003F03A /* UserInfoDTOResponse.m */ = {isa = PBXFileReference; fileEncoding = 4; lastKnownFileType = sourcecode.c.objc; path = UserInfoDTOResponse.m; sourceTree = "<group>"; };
		31DCC38121205FB60003F03A /* User2FADTOResponse.h */ = {isa = PBXFileReference; fileEncoding = 4; lastKnownFileType = sourcecode.c.h; path = User2FADTOResponse.h; sourceTree = "<group>"; };
		31DCC38221205FB60003F03A /* User2FADTOResponse.m */ = {isa = PBXFileReference; fileEncoding = 4; lastKnownFileType = sourcecode.c.objc; path = User2FADTOResponse.m; sourceTree = "<group>"; };
		31DCC38321205FB60003F03A /* UserInfoDTOResponse.h */ = {isa = PBXFileReference; fileEncoding = 4; lastKnownFileType = sourcecode.c.h; path = UserInfoDTOResponse.h; sourceTree = "<group>"; };
		31DCC38421205FB60003F03A /* AssetDTOResponse.m */ = {isa = PBXFileReference; fileEncoding = 4; lastKnownFileType = sourcecode.c.objc; path = AssetDTOResponse.m; sourceTree = "<group>"; };
		31DCC38621205FB60003F03A /* SettingsDTOResponse.h */ = {isa = PBXFileReference; fileEncoding = 4; lastKnownFileType = sourcecode.c.h; path = SettingsDTOResponse.h; sourceTree = "<group>"; };
		31DCC38721205FB60003F03A /* SettingsDTOResponse.m */ = {isa = PBXFileReference; fileEncoding = 4; lastKnownFileType = sourcecode.c.objc; path = SettingsDTOResponse.m; sourceTree = "<group>"; };
		31DCC38821205FB60003F03A /* Paging.h */ = {isa = PBXFileReference; fileEncoding = 4; lastKnownFileType = sourcecode.c.h; path = Paging.h; sourceTree = "<group>"; };
		31DCC38921205FB60003F03A /* ResponseError.h */ = {isa = PBXFileReference; fileEncoding = 4; lastKnownFileType = sourcecode.c.h; path = ResponseError.h; sourceTree = "<group>"; };
		31DCC38A21205FB60003F03A /* DTOResponse.h */ = {isa = PBXFileReference; fileEncoding = 4; lastKnownFileType = sourcecode.c.h; path = DTOResponse.h; sourceTree = "<group>"; };
		31DCC38C21205FB60003F03A /* AssetsInfoDTOResponse.m */ = {isa = PBXFileReference; fileEncoding = 4; lastKnownFileType = sourcecode.c.objc; path = AssetsInfoDTOResponse.m; sourceTree = "<group>"; };
		31DCC38D21205FB60003F03A /* AssetsInfoDTOResponse.h */ = {isa = PBXFileReference; fileEncoding = 4; lastKnownFileType = sourcecode.c.h; path = AssetsInfoDTOResponse.h; sourceTree = "<group>"; };
		31DCC38F21205FB60003F03A /* OrderDTOResponse.m */ = {isa = PBXFileReference; fileEncoding = 4; lastKnownFileType = sourcecode.c.objc; path = OrderDTOResponse.m; sourceTree = "<group>"; };
		31DCC39021205FB60003F03A /* MakeOrderDTOResponse.m */ = {isa = PBXFileReference; fileEncoding = 4; lastKnownFileType = sourcecode.c.objc; path = MakeOrderDTOResponse.m; sourceTree = "<group>"; };
		31DCC39121205FB60003F03A /* OrderHistoryDTOResponse.h */ = {isa = PBXFileReference; fileEncoding = 4; lastKnownFileType = sourcecode.c.h; path = OrderHistoryDTOResponse.h; sourceTree = "<group>"; };
		31DCC39221205FB60003F03A /* UserOrdersDTOResponse.m */ = {isa = PBXFileReference; fileEncoding = 4; lastKnownFileType = sourcecode.c.objc; path = UserOrdersDTOResponse.m; sourceTree = "<group>"; };
		31DCC39321205FB60003F03A /* AssetsDTOResponse.m */ = {isa = PBXFileReference; fileEncoding = 4; lastKnownFileType = sourcecode.c.objc; path = AssetsDTOResponse.m; sourceTree = "<group>"; };
		31DCC39421205FB60003F03A /* DeleteOrdersDTOResponse.h */ = {isa = PBXFileReference; fileEncoding = 4; lastKnownFileType = sourcecode.c.h; path = DeleteOrdersDTOResponse.h; sourceTree = "<group>"; };
		31DCC39521205FB60003F03A /* MakeOrderDTOResponse.h */ = {isa = PBXFileReference; fileEncoding = 4; lastKnownFileType = sourcecode.c.h; path = MakeOrderDTOResponse.h; sourceTree = "<group>"; };
		31DCC39621205FB60003F03A /* OrderDTOResponse.h */ = {isa = PBXFileReference; fileEncoding = 4; lastKnownFileType = sourcecode.c.h; path = OrderDTOResponse.h; sourceTree = "<group>"; };
		31DCC39721205FB60003F03A /* OrderHistoryDTOResponse.m */ = {isa = PBXFileReference; fileEncoding = 4; lastKnownFileType = sourcecode.c.objc; path = OrderHistoryDTOResponse.m; sourceTree = "<group>"; };
		31DCC39821205FB60003F03A /* UserOrdersDTOResponse.h */ = {isa = PBXFileReference; fileEncoding = 4; lastKnownFileType = sourcecode.c.h; path = UserOrdersDTOResponse.h; sourceTree = "<group>"; };
		31DCC39921205FB60003F03A /* AssetsDTOResponse.h */ = {isa = PBXFileReference; fileEncoding = 4; lastKnownFileType = sourcecode.c.h; path = AssetsDTOResponse.h; sourceTree = "<group>"; };
		31DCC39A21205FB60003F03A /* DeleteOrdersDTOResponse.m */ = {isa = PBXFileReference; fileEncoding = 4; lastKnownFileType = sourcecode.c.objc; path = DeleteOrdersDTOResponse.m; sourceTree = "<group>"; };
		31DCC39B21205FB60003F03A /* Filters.h */ = {isa = PBXFileReference; fileEncoding = 4; lastKnownFileType = sourcecode.c.h; path = Filters.h; sourceTree = "<group>"; };
		31DCC39E21205FB60003F03A /* LoginDTORequest.h */ = {isa = PBXFileReference; fileEncoding = 4; lastKnownFileType = sourcecode.c.h; path = LoginDTORequest.h; sourceTree = "<group>"; };
		31DCC39F21205FB60003F03A /* LoginDTORequest.m */ = {isa = PBXFileReference; fileEncoding = 4; lastKnownFileType = sourcecode.c.objc; path = LoginDTORequest.m; sourceTree = "<group>"; };
		31DCC3A621205FB60003F03A /* WalletDepositDTORequest.m */ = {isa = PBXFileReference; fileEncoding = 4; lastKnownFileType = sourcecode.c.objc; path = WalletDepositDTORequest.m; sourceTree = "<group>"; };
		31DCC3A721205FB60003F03A /* WithdrawalDTORequest.h */ = {isa = PBXFileReference; fileEncoding = 4; lastKnownFileType = sourcecode.c.h; path = WithdrawalDTORequest.h; sourceTree = "<group>"; };
		31DCC3A821205FB60003F03A /* WalletDepositDTORequest.h */ = {isa = PBXFileReference; fileEncoding = 4; lastKnownFileType = sourcecode.c.h; path = WalletDepositDTORequest.h; sourceTree = "<group>"; };
		31DCC3A921205FB60003F03A /* WithdrawalDTORequest.m */ = {isa = PBXFileReference; fileEncoding = 4; lastKnownFileType = sourcecode.c.objc; path = WithdrawalDTORequest.m; sourceTree = "<group>"; };
		31DCC3AB21205FB60003F03A /* CountryDTORequest.m */ = {isa = PBXFileReference; fileEncoding = 4; lastKnownFileType = sourcecode.c.objc; path = CountryDTORequest.m; sourceTree = "<group>"; };
		31DCC3B021205FB60003F03A /* CountryDTORequest.h */ = {isa = PBXFileReference; fileEncoding = 4; lastKnownFileType = sourcecode.c.h; path = CountryDTORequest.h; sourceTree = "<group>"; };
		31DCC3B321205FB60003F03A /* DTORequest.h */ = {isa = PBXFileReference; fileEncoding = 4; lastKnownFileType = sourcecode.c.h; path = DTORequest.h; sourceTree = "<group>"; };
		31DCC3B521205FB60003F03A /* EmailConfirmationDTORequest.m */ = {isa = PBXFileReference; fileEncoding = 4; lastKnownFileType = sourcecode.c.objc; path = EmailConfirmationDTORequest.m; sourceTree = "<group>"; };
		31DCC3B621205FB60003F03A /* PasswordResetDTORequest.h */ = {isa = PBXFileReference; fileEncoding = 4; lastKnownFileType = sourcecode.c.h; path = PasswordResetDTORequest.h; sourceTree = "<group>"; };
		31DCC3B721205FB60003F03A /* ResendConfirmationEmailDTORequest.h */ = {isa = PBXFileReference; fileEncoding = 4; lastKnownFileType = sourcecode.c.h; path = ResendConfirmationEmailDTORequest.h; sourceTree = "<group>"; };
		31DCC3B821205FB60003F03A /* PasswordReetDTORequest.m */ = {isa = PBXFileReference; fileEncoding = 4; lastKnownFileType = sourcecode.c.objc; path = PasswordReetDTORequest.m; sourceTree = "<group>"; };
		31DCC3B921205FB60003F03A /* EmailConfirmationDTORequest.h */ = {isa = PBXFileReference; fileEncoding = 4; lastKnownFileType = sourcecode.c.h; path = EmailConfirmationDTORequest.h; sourceTree = "<group>"; };
		31DCC3BA21205FB60003F03A /* PasswordDTORequest.m */ = {isa = PBXFileReference; fileEncoding = 4; lastKnownFileType = sourcecode.c.objc; path = PasswordDTORequest.m; sourceTree = "<group>"; };
		31DCC3BB21205FB60003F03A /* PasswordDTORequest.h */ = {isa = PBXFileReference; fileEncoding = 4; lastKnownFileType = sourcecode.c.h; path = PasswordDTORequest.h; sourceTree = "<group>"; };
		31DCC3BC21205FB60003F03A /* ResendConfirmationEmailDTORequest.m */ = {isa = PBXFileReference; fileEncoding = 4; lastKnownFileType = sourcecode.c.objc; path = ResendConfirmationEmailDTORequest.m; sourceTree = "<group>"; };
		31DCC3BE21205FB60003F03A /* SettingDTORequest.m */ = {isa = PBXFileReference; fileEncoding = 4; lastKnownFileType = sourcecode.c.objc; path = SettingDTORequest.m; sourceTree = "<group>"; };
		31DCC3C121205FB60003F03A /* SettingDTORequest.h */ = {isa = PBXFileReference; fileEncoding = 4; lastKnownFileType = sourcecode.c.h; path = SettingDTORequest.h; sourceTree = "<group>"; };
		31DCC3C521205FB60003F03A /* NewOrderDTORequest.h */ = {isa = PBXFileReference; fileEncoding = 4; lastKnownFileType = sourcecode.c.h; path = NewOrderDTORequest.h; sourceTree = "<group>"; };
		31DCC3C821205FB60003F03A /* NewOrderDTORequest.m */ = {isa = PBXFileReference; fileEncoding = 4; lastKnownFileType = sourcecode.c.objc; path = NewOrderDTORequest.m; sourceTree = "<group>"; };
/* End PBXFileReference section */

/* Begin PBXFrameworksBuildPhase section */
		31DCC34221205FA00003F03A /* Frameworks */ = {
			isa = PBXFrameworksBuildPhase;
			buildActionMask = 2147483647;
			files = (
			);
			runOnlyForDeploymentPostprocessing = 0;
		};
/* End PBXFrameworksBuildPhase section */

/* Begin PBXGroup section */
		312D9FF521217E2800518324 /* Helpers */ = {
			isa = PBXGroup;
			children = (
				312D9FF621217E5200518324 /* NSStringHelper.h */,
				312D9FF721217E6100518324 /* NSStringHelper.m */,
			);
			path = Helpers;
			sourceTree = "<group>";
		};
		312D9FF92121B4BF00518324 /* AvatarAPI */ = {
			isa = PBXGroup;
			children = (
				312D9FFD2122B4F600518324 /* AddAvatarDTORequest.h */,
				312D9FFE2122B50900518324 /* AddAvatarDTORequest.m */,
			);
			path = AvatarAPI;
			sourceTree = "<group>";
		};
		312DA0002122B5FB00518324 /* AvatarAPI */ = {
			isa = PBXGroup;
			children = (
				312DA0042122B80300518324 /* DeleteAvatarsDTOResponse.m */,
				312DA0062122B81300518324 /* DeleteAvatarsDTOResponse.h */,
			);
			path = AvatarAPI;
			sourceTree = "<group>";
		};
		312DA0072122C53C00518324 /* DocumentAPI */ = {
			isa = PBXGroup;
			children = (
				312DA0082122C55100518324 /* DocumentDTORequest.h */,
				312DA0092122C56100518324 /* DocumentDTORequest.m */,
			);
			path = DocumentAPI;
			sourceTree = "<group>";
		};
		312DA00B2122C60800518324 /* DocumentAPI */ = {
			isa = PBXGroup;
			children = (
				312DA00C2122C63100518324 /* DocumentDTOResponse.h */,
				312DA00D2122C63F00518324 /* DocumentDTOResponse.m */,
			);
			path = DocumentAPI;
			sourceTree = "<group>";
		};
		31DCC33C21205FA00003F03A = {
			isa = PBXGroup;
			children = (
				31DCC34721205FA00003F03A /* MyExRestAPIService */,
				31DCC34621205FA00003F03A /* Products */,
			);
			sourceTree = "<group>";
		};
		31DCC34621205FA00003F03A /* Products */ = {
			isa = PBXGroup;
			children = (
				31DCC34521205FA00003F03A /* MyExRestAPIService.app */,
			);
			name = Products;
			sourceTree = "<group>";
		};
		31DCC34721205FA00003F03A /* MyExRestAPIService */ = {
			isa = PBXGroup;
			children = (
				31DCC36321205FB60003F03A /* Model */,
				31DCC35E21205FB60003F03A /* Services */,
				31DCC34821205FA00003F03A /* AppDelegate.h */,
				31DCC34921205FA00003F03A /* AppDelegate.m */,
				31DCC34B21205FA00003F03A /* ViewController.h */,
				31DCC34C21205FA10003F03A /* ViewController.m */,
				31DCC34E21205FA10003F03A /* Main.storyboard */,
				31DCC35121205FA10003F03A /* Assets.xcassets */,
				31DCC35321205FA10003F03A /* LaunchScreen.storyboard */,
				31DCC35621205FA10003F03A /* Info.plist */,
				31DCC35721205FA10003F03A /* main.m */,
			);
			path = MyExRestAPIService;
			sourceTree = "<group>";
		};
		31DCC35E21205FB60003F03A /* Services */ = {
			isa = PBXGroup;
			children = (
				312D9FF521217E2800518324 /* Helpers */,
				31DCC35F21205FB60003F03A /* CookieService.h */,
				31DCC36121205FB60003F03A /* CookieService.m */,
				31DCC36021205FB60003F03A /* MyExRestAPIService.h */,
				31DCC36221205FB60003F03A /* MyExRestAPIService.m */,
			);
			path = Services;
			sourceTree = "<group>";
		};
		31DCC36321205FB60003F03A /* Model */ = {
			isa = PBXGroup;
			children = (
				31DCC36421205FB60003F03A /* ResponseDTO */,
				31DCC39C21205FB60003F03A /* RequestDTO */,
			);
			path = Model;
			sourceTree = "<group>";
		};
		31DCC36421205FB60003F03A /* ResponseDTO */ = {
			isa = PBXGroup;
			children = (
				312DA00B2122C60800518324 /* DocumentAPI */,
				312DA0022122B64900518324 /* UploadRequestDTOResponse.m */,
				312DA0012122B63700518324 /* UploadRequestDTOResponse.h */,
				312DA0002122B5FB00518324 /* AvatarAPI */,
				31DCC36521205FB60003F03A /* AssetDTOResponse.h */,
				31DCC36621205FB60003F03A /* LoginAPI */,
				31DCC36921205FB60003F03A /* Paging.m */,
				31DCC36A21205FB60003F03A /* ReferralAPI */,
				31DCC37121205FB60003F03A /* WalletAPI */,
				31DCC37421205FB60003F03A /* CountryAPI */,
				31DCC37D21205FB60003F03A /* ResponseError.m */,
				31DCC37E21205FB60003F03A /* Filters.m */,
				31DCC37F21205FB60003F03A /* ProfileAPI */,
				31DCC38421205FB60003F03A /* AssetDTOResponse.m */,
				31DCC38521205FB60003F03A /* SettingAPI */,
				31DCC38821205FB60003F03A /* Paging.h */,
				31DCC38921205FB60003F03A /* ResponseError.h */,
				31DCC38A21205FB60003F03A /* DTOResponse.h */,
				31DCC38B21205FB60003F03A /* AssetAPI */,
				31DCC38E21205FB60003F03A /* TradeAPI */,
				31DCC39B21205FB60003F03A /* Filters.h */,
			);
			path = ResponseDTO;
			sourceTree = "<group>";
		};
		31DCC36621205FB60003F03A /* LoginAPI */ = {
			isa = PBXGroup;
			children = (
				31DCC36721205FB60003F03A /* LoginDTOResponse.h */,
				31DCC36821205FB60003F03A /* LoginDTOResponse.m */,
			);
			path = LoginAPI;
			sourceTree = "<group>";
		};
		31DCC36A21205FB60003F03A /* ReferralAPI */ = {
			isa = PBXGroup;
			children = (
				31DCC36B21205FB60003F03A /* ReferralDetailsDTOResponse.m */,
				31DCC36C21205FB60003F03A /* ReferralsDTOResponse.h */,
				31DCC36D21205FB60003F03A /* ReferralInfoDTOResponse.h */,
				31DCC36E21205FB60003F03A /* ReferralsDTOResponse.m */,
				31DCC36F21205FB60003F03A /* ReferralDetailsDTOResponse.h */,
				31DCC37021205FB60003F03A /* ReferralInfoDTOResponse.m */,
			);
			path = ReferralAPI;
			sourceTree = "<group>";
		};
		31DCC37121205FB60003F03A /* WalletAPI */ = {
			isa = PBXGroup;
			children = (
				31DCC37221205FB60003F03A /* WalletDepositDTOResponse.h */,
				31DCC37321205FB60003F03A /* WalletDepositDTOResponse.m */,
			);
			path = WalletAPI;
			sourceTree = "<group>";
		};
		31DCC37421205FB60003F03A /* CountryAPI */ = {
			isa = PBXGroup;
			children = (
				31DCC37521205FB60003F03A /* Country.m */,
				31DCC37621205FB60003F03A /* AllCountriesDTOResponse.h */,
				31DCC37721205FB60003F03A /* AddCountryDTOResponse.h */,
				31DCC37A21205FB60003F03A /* AddCountryDTOResponse.m */,
				31DCC37821205FB60003F03A /* GetCountryDTOResponse.h */,
				31DCC37921205FB60003F03A /* Country.h */,
				31DCC37B21205FB60003F03A /* AllCountriesDTOResponse.m */,
				31DCC37C21205FB60003F03A /* GetCountryDTOResponse.m */,
				312DA0162122DA2200518324 /* AddOrReplaceCountryDTOResponse.m */,
				312DA0182122DA3400518324 /* AddOrReplaceCountryDTOResponse.h */,
			);
			path = CountryAPI;
			sourceTree = "<group>";
		};
		31DCC37F21205FB60003F03A /* ProfileAPI */ = {
			isa = PBXGroup;
			children = (
				31DCC38021205FB60003F03A /* UserInfoDTOResponse.m */,
				31DCC38121205FB60003F03A /* User2FADTOResponse.h */,
				31DCC38221205FB60003F03A /* User2FADTOResponse.m */,
				31DCC38321205FB60003F03A /* UserInfoDTOResponse.h */,
			);
			path = ProfileAPI;
			sourceTree = "<group>";
		};
		31DCC38521205FB60003F03A /* SettingAPI */ = {
			isa = PBXGroup;
			children = (
				31DCC38621205FB60003F03A /* SettingsDTOResponse.h */,
				31DCC38721205FB60003F03A /* SettingsDTOResponse.m */,
			);
			path = SettingAPI;
			sourceTree = "<group>";
		};
		31DCC38B21205FB60003F03A /* AssetAPI */ = {
			isa = PBXGroup;
			children = (
				31DCC38C21205FB60003F03A /* AssetsInfoDTOResponse.m */,
				31DCC38D21205FB60003F03A /* AssetsInfoDTOResponse.h */,
			);
			path = AssetAPI;
			sourceTree = "<group>";
		};
		31DCC38E21205FB60003F03A /* TradeAPI */ = {
			isa = PBXGroup;
			children = (
				31DCC38F21205FB60003F03A /* OrderDTOResponse.m */,
				31DCC39021205FB60003F03A /* MakeOrderDTOResponse.m */,
				31DCC39121205FB60003F03A /* OrderHistoryDTOResponse.h */,
				31DCC39221205FB60003F03A /* UserOrdersDTOResponse.m */,
				31DCC39321205FB60003F03A /* AssetsDTOResponse.m */,
				31DCC39421205FB60003F03A /* DeleteOrdersDTOResponse.h */,
				31DCC39521205FB60003F03A /* MakeOrderDTOResponse.h */,
				31DCC39621205FB60003F03A /* OrderDTOResponse.h */,
				31DCC39721205FB60003F03A /* OrderHistoryDTOResponse.m */,
				31DCC39821205FB60003F03A /* UserOrdersDTOResponse.h */,
				31DCC39921205FB60003F03A /* AssetsDTOResponse.h */,
				31DCC39A21205FB60003F03A /* DeleteOrdersDTOResponse.m */,
			);
			path = TradeAPI;
			sourceTree = "<group>";
		};
		31DCC39C21205FB60003F03A /* RequestDTO */ = {
			isa = PBXGroup;
			children = (
				31DCC3B321205FB60003F03A /* DTORequest.h */,
				312D9FFC2121B52700518324 /* UploadRequestDTORequest.h */,
				312D9FFA2121B51A00518324 /* UploadRequestDTORequest.m */,
				312DA0072122C53C00518324 /* DocumentAPI */,
				312D9FF92121B4BF00518324 /* AvatarAPI */,
				31DCC39D21205FB60003F03A /* LoginAPI */,
				31DCC3A521205FB60003F03A /* WalletAPI */,
				31DCC3AA21205FB60003F03A /* CountryAPI */,
				31DCC3B421205FB60003F03A /* ProfileAPI */,
				31DCC3BD21205FB60003F03A /* SettingAPI */,
				31DCC3C221205FB60003F03A /* TradeAPI */,
			);
			path = RequestDTO;
			sourceTree = "<group>";
		};
		31DCC39D21205FB60003F03A /* LoginAPI */ = {
			isa = PBXGroup;
			children = (
				31DCC39E21205FB60003F03A /* LoginDTORequest.h */,
				31DCC39F21205FB60003F03A /* LoginDTORequest.m */,
			);
			path = LoginAPI;
			sourceTree = "<group>";
		};
		31DCC3A521205FB60003F03A /* WalletAPI */ = {
			isa = PBXGroup;
			children = (
				31DCC3A621205FB60003F03A /* WalletDepositDTORequest.m */,
				31DCC3A721205FB60003F03A /* WithdrawalDTORequest.h */,
				31DCC3A821205FB60003F03A /* WalletDepositDTORequest.h */,
				31DCC3A921205FB60003F03A /* WithdrawalDTORequest.m */,
			);
			path = WalletAPI;
			sourceTree = "<group>";
		};
		31DCC3AA21205FB60003F03A /* CountryAPI */ = {
			isa = PBXGroup;
			children = (
				31DCC3AB21205FB60003F03A /* CountryDTORequest.m */,
				31DCC3B021205FB60003F03A /* CountryDTORequest.h */,
			);
			path = CountryAPI;
			sourceTree = "<group>";
		};
		31DCC3B421205FB60003F03A /* ProfileAPI */ = {
			isa = PBXGroup;
			children = (
				31DCC3B521205FB60003F03A /* EmailConfirmationDTORequest.m */,
				31DCC3B921205FB60003F03A /* EmailConfirmationDTORequest.h */,
				31DCC3B621205FB60003F03A /* PasswordResetDTORequest.h */,
				31DCC3B821205FB60003F03A /* PasswordReetDTORequest.m */,
				31DCC3B721205FB60003F03A /* ResendConfirmationEmailDTORequest.h */,
				31DCC3BC21205FB60003F03A /* ResendConfirmationEmailDTORequest.m */,
				31DCC3BA21205FB60003F03A /* PasswordDTORequest.m */,
				31DCC3BB21205FB60003F03A /* PasswordDTORequest.h */,
			);
			path = ProfileAPI;
			sourceTree = "<group>";
		};
		31DCC3BD21205FB60003F03A /* SettingAPI */ = {
			isa = PBXGroup;
			children = (
				31DCC3BE21205FB60003F03A /* SettingDTORequest.m */,
				31DCC3C121205FB60003F03A /* SettingDTORequest.h */,
			);
			path = SettingAPI;
			sourceTree = "<group>";
		};
		31DCC3C221205FB60003F03A /* TradeAPI */ = {
			isa = PBXGroup;
			children = (
				31DCC3C521205FB60003F03A /* NewOrderDTORequest.h */,
				31DCC3C821205FB60003F03A /* NewOrderDTORequest.m */,
			);
			path = TradeAPI;
			sourceTree = "<group>";
		};
/* End PBXGroup section */

/* Begin PBXNativeTarget section */
		31DCC34421205FA00003F03A /* MyExRestAPIService */ = {
			isa = PBXNativeTarget;
			buildConfigurationList = 31DCC35B21205FA10003F03A /* Build configuration list for PBXNativeTarget "MyExRestAPIService" */;
			buildPhases = (
				31DCC34121205FA00003F03A /* Sources */,
				31DCC34221205FA00003F03A /* Frameworks */,
				31DCC34321205FA00003F03A /* Resources */,
			);
			buildRules = (
			);
			dependencies = (
			);
			name = MyExRestAPIService;
			productName = MyExRestAPIService;
			productReference = 31DCC34521205FA00003F03A /* MyExRestAPIService.app */;
			productType = "com.apple.product-type.application";
		};
/* End PBXNativeTarget section */

/* Begin PBXProject section */
		31DCC33D21205FA00003F03A /* Project object */ = {
			isa = PBXProject;
			attributes = {
				LastUpgradeCheck = 0930;
				ORGANIZATIONNAME = Qoden;
				TargetAttributes = {
					31DCC34421205FA00003F03A = {
						CreatedOnToolsVersion = 9.3;
					};
				};
			};
			buildConfigurationList = 31DCC34021205FA00003F03A /* Build configuration list for PBXProject "MyExRestAPIService" */;
			compatibilityVersion = "Xcode 9.3";
			developmentRegion = en;
			hasScannedForEncodings = 0;
			knownRegions = (
				en,
				Base,
			);
			mainGroup = 31DCC33C21205FA00003F03A;
			productRefGroup = 31DCC34621205FA00003F03A /* Products */;
			projectDirPath = "";
			projectRoot = "";
			targets = (
				31DCC34421205FA00003F03A /* MyExRestAPIService */,
			);
		};
/* End PBXProject section */

/* Begin PBXResourcesBuildPhase section */
		31DCC34321205FA00003F03A /* Resources */ = {
			isa = PBXResourcesBuildPhase;
			buildActionMask = 2147483647;
			files = (
				31DCC35521205FA10003F03A /* LaunchScreen.storyboard in Resources */,
				31DCC35221205FA10003F03A /* Assets.xcassets in Resources */,
				31DCC35021205FA10003F03A /* Main.storyboard in Resources */,
			);
			runOnlyForDeploymentPostprocessing = 0;
		};
/* End PBXResourcesBuildPhase section */

/* Begin PBXSourcesBuildPhase section */
		31DCC34121205FA00003F03A /* Sources */ = {
			isa = PBXSourcesBuildPhase;
			buildActionMask = 2147483647;
			files = (
				31DCC3EE21205FB60003F03A /* ResendConfirmationEmailDTORequest.m in Sources */,
				312DA00A2122C56100518324 /* DocumentDTORequest.m in Sources */,
				31DCC3E121205FB60003F03A /* DeleteOrdersDTOResponse.m in Sources */,
				312D9FF821217E6100518324 /* NSStringHelper.m in Sources */,
				31DCC3ED21205FB60003F03A /* PasswordDTORequest.m in Sources */,
				31DCC3CA21205FB60003F03A /* MyExRestAPIService.m in Sources */,
				31DCC3EB21205FB60003F03A /* EmailConfirmationDTORequest.m in Sources */,
				31DCC3D021205FB60003F03A /* WalletDepositDTOResponse.m in Sources */,
				31DCC3D421205FB60003F03A /* GetCountryDTOResponse.m in Sources */,
				31DCC3E021205FB60003F03A /* OrderHistoryDTOResponse.m in Sources */,
				31DCC3E521205FB60003F03A /* WalletDepositDTORequest.m in Sources */,
				31DCC3EC21205FB60003F03A /* PasswordReetDTORequest.m in Sources */,
				312DA0032122B64900518324 /* UploadRequestDTOResponse.m in Sources */,
				31DCC3D521205FB60003F03A /* ResponseError.m in Sources */,
				31DCC3D621205FB60003F03A /* Filters.m in Sources */,
				31DCC3C921205FB60003F03A /* CookieService.m in Sources */,
				31DCC3E621205FB60003F03A /* WithdrawalDTORequest.m in Sources */,
				31DCC3D221205FB60003F03A /* AddCountryDTOResponse.m in Sources */,
				31DCC3D321205FB60003F03A /* AllCountriesDTOResponse.m in Sources */,
				31DCC3DD21205FB60003F03A /* MakeOrderDTOResponse.m in Sources */,
				312D9FF42121601500518324 /* ViewController.m in Sources */,
				31DCC3DB21205FB60003F03A /* AssetsInfoDTOResponse.m in Sources */,
				31DCC3D121205FB60003F03A /* Country.m in Sources */,
				31DCC35821205FA10003F03A /* main.m in Sources */,
				31DCC3E721205FB60003F03A /* CountryDTORequest.m in Sources */,
				31DCC3EF21205FB60003F03A /* SettingDTORequest.m in Sources */,
				312DA0052122B80300518324 /* DeleteAvatarsDTOResponse.m in Sources */,
				31DCC3D921205FB60003F03A /* AssetDTOResponse.m in Sources */,
				312DA0172122DA2200518324 /* AddOrReplaceCountryDTOResponse.m in Sources */,
				31DCC3DE21205FB60003F03A /* UserOrdersDTOResponse.m in Sources */,
				31DCC3E221205FB60003F03A /* LoginDTORequest.m in Sources */,
				31DCC3CB21205FB60003F03A /* LoginDTOResponse.m in Sources */,
				312DA00E2122C63F00518324 /* DocumentDTOResponse.m in Sources */,
				31DCC3F321205FB60003F03A /* NewOrderDTORequest.m in Sources */,
				31DCC3CF21205FB60003F03A /* ReferralInfoDTOResponse.m in Sources */,
				31DCC3CC21205FB60003F03A /* Paging.m in Sources */,
				312D9FFB2121B51A00518324 /* UploadRequestDTORequest.m in Sources */,
				31DCC3CE21205FB60003F03A /* ReferralsDTOResponse.m in Sources */,
				31DCC3D821205FB60003F03A /* User2FADTOResponse.m in Sources */,
				31DCC3DC21205FB60003F03A /* OrderDTOResponse.m in Sources */,
				31DCC3CD21205FB60003F03A /* ReferralDetailsDTOResponse.m in Sources */,
				312D9FFF2122B50900518324 /* AddAvatarDTORequest.m in Sources */,
				31DCC34A21205FA00003F03A /* AppDelegate.m in Sources */,
				31DCC3DF21205FB60003F03A /* AssetsDTOResponse.m in Sources */,
				31DCC3D721205FB60003F03A /* UserInfoDTOResponse.m in Sources */,
				31DCC3DA21205FB60003F03A /* SettingsDTOResponse.m in Sources */,
			);
			runOnlyForDeploymentPostprocessing = 0;
		};
/* End PBXSourcesBuildPhase section */

/* Begin PBXVariantGroup section */
		31DCC34E21205FA10003F03A /* Main.storyboard */ = {
			isa = PBXVariantGroup;
			children = (
				31DCC34F21205FA10003F03A /* Base */,
			);
			name = Main.storyboard;
			sourceTree = "<group>";
		};
		31DCC35321205FA10003F03A /* LaunchScreen.storyboard */ = {
			isa = PBXVariantGroup;
			children = (
				31DCC35421205FA10003F03A /* Base */,
			);
			name = LaunchScreen.storyboard;
			sourceTree = "<group>";
		};
/* End PBXVariantGroup section */

/* Begin XCBuildConfiguration section */
		31DCC35921205FA10003F03A /* Debug */ = {
			isa = XCBuildConfiguration;
			buildSettings = {
				ALWAYS_SEARCH_USER_PATHS = NO;
				CLANG_ANALYZER_NONNULL = YES;
				CLANG_ANALYZER_NUMBER_OBJECT_CONVERSION = YES_AGGRESSIVE;
				CLANG_CXX_LANGUAGE_STANDARD = "gnu++14";
				CLANG_CXX_LIBRARY = "libc++";
				CLANG_ENABLE_MODULES = YES;
				CLANG_ENABLE_OBJC_ARC = YES;
				CLANG_ENABLE_OBJC_WEAK = YES;
				CLANG_WARN_BLOCK_CAPTURE_AUTORELEASING = YES;
				CLANG_WARN_BOOL_CONVERSION = YES;
				CLANG_WARN_COMMA = YES;
				CLANG_WARN_CONSTANT_CONVERSION = YES;
				CLANG_WARN_DEPRECATED_OBJC_IMPLEMENTATIONS = YES;
				CLANG_WARN_DIRECT_OBJC_ISA_USAGE = YES_ERROR;
				CLANG_WARN_DOCUMENTATION_COMMENTS = YES;
				CLANG_WARN_EMPTY_BODY = YES;
				CLANG_WARN_ENUM_CONVERSION = YES;
				CLANG_WARN_INFINITE_RECURSION = YES;
				CLANG_WARN_INT_CONVERSION = YES;
				CLANG_WARN_NON_LITERAL_NULL_CONVERSION = YES;
				CLANG_WARN_OBJC_IMPLICIT_RETAIN_SELF = YES;
				CLANG_WARN_OBJC_LITERAL_CONVERSION = YES;
				CLANG_WARN_OBJC_ROOT_CLASS = YES_ERROR;
				CLANG_WARN_RANGE_LOOP_ANALYSIS = YES;
				CLANG_WARN_STRICT_PROTOTYPES = YES;
				CLANG_WARN_SUSPICIOUS_MOVE = YES;
				CLANG_WARN_UNGUARDED_AVAILABILITY = YES_AGGRESSIVE;
				CLANG_WARN_UNREACHABLE_CODE = YES;
				CLANG_WARN__DUPLICATE_METHOD_MATCH = YES;
				CODE_SIGN_IDENTITY = "iPhone Developer";
				COPY_PHASE_STRIP = NO;
				DEBUG_INFORMATION_FORMAT = dwarf;
				ENABLE_STRICT_OBJC_MSGSEND = YES;
				ENABLE_TESTABILITY = YES;
				GCC_C_LANGUAGE_STANDARD = gnu11;
				GCC_DYNAMIC_NO_PIC = NO;
				GCC_NO_COMMON_BLOCKS = YES;
				GCC_OPTIMIZATION_LEVEL = 0;
				GCC_PREPROCESSOR_DEFINITIONS = (
					"DEBUG=1",
					"$(inherited)",
				);
				GCC_WARN_64_TO_32_BIT_CONVERSION = YES;
				GCC_WARN_ABOUT_RETURN_TYPE = YES_ERROR;
				GCC_WARN_UNDECLARED_SELECTOR = YES;
				GCC_WARN_UNINITIALIZED_AUTOS = YES_AGGRESSIVE;
				GCC_WARN_UNUSED_FUNCTION = YES;
				GCC_WARN_UNUSED_VARIABLE = YES;
				IPHONEOS_DEPLOYMENT_TARGET = 11.3;
				MTL_ENABLE_DEBUG_INFO = YES;
				ONLY_ACTIVE_ARCH = YES;
				SDKROOT = iphoneos;
			};
			name = Debug;
		};
		31DCC35A21205FA10003F03A /* Release */ = {
			isa = XCBuildConfiguration;
			buildSettings = {
				ALWAYS_SEARCH_USER_PATHS = NO;
				CLANG_ANALYZER_NONNULL = YES;
				CLANG_ANALYZER_NUMBER_OBJECT_CONVERSION = YES_AGGRESSIVE;
				CLANG_CXX_LANGUAGE_STANDARD = "gnu++14";
				CLANG_CXX_LIBRARY = "libc++";
				CLANG_ENABLE_MODULES = YES;
				CLANG_ENABLE_OBJC_ARC = YES;
				CLANG_ENABLE_OBJC_WEAK = YES;
				CLANG_WARN_BLOCK_CAPTURE_AUTORELEASING = YES;
				CLANG_WARN_BOOL_CONVERSION = YES;
				CLANG_WARN_COMMA = YES;
				CLANG_WARN_CONSTANT_CONVERSION = YES;
				CLANG_WARN_DEPRECATED_OBJC_IMPLEMENTATIONS = YES;
				CLANG_WARN_DIRECT_OBJC_ISA_USAGE = YES_ERROR;
				CLANG_WARN_DOCUMENTATION_COMMENTS = YES;
				CLANG_WARN_EMPTY_BODY = YES;
				CLANG_WARN_ENUM_CONVERSION = YES;
				CLANG_WARN_INFINITE_RECURSION = YES;
				CLANG_WARN_INT_CONVERSION = YES;
				CLANG_WARN_NON_LITERAL_NULL_CONVERSION = YES;
				CLANG_WARN_OBJC_IMPLICIT_RETAIN_SELF = YES;
				CLANG_WARN_OBJC_LITERAL_CONVERSION = YES;
				CLANG_WARN_OBJC_ROOT_CLASS = YES_ERROR;
				CLANG_WARN_RANGE_LOOP_ANALYSIS = YES;
				CLANG_WARN_STRICT_PROTOTYPES = YES;
				CLANG_WARN_SUSPICIOUS_MOVE = YES;
				CLANG_WARN_UNGUARDED_AVAILABILITY = YES_AGGRESSIVE;
				CLANG_WARN_UNREACHABLE_CODE = YES;
				CLANG_WARN__DUPLICATE_METHOD_MATCH = YES;
				CODE_SIGN_IDENTITY = "iPhone Developer";
				COPY_PHASE_STRIP = NO;
				DEBUG_INFORMATION_FORMAT = "dwarf-with-dsym";
				ENABLE_NS_ASSERTIONS = NO;
				ENABLE_STRICT_OBJC_MSGSEND = YES;
				GCC_C_LANGUAGE_STANDARD = gnu11;
				GCC_NO_COMMON_BLOCKS = YES;
				GCC_WARN_64_TO_32_BIT_CONVERSION = YES;
				GCC_WARN_ABOUT_RETURN_TYPE = YES_ERROR;
				GCC_WARN_UNDECLARED_SELECTOR = YES;
				GCC_WARN_UNINITIALIZED_AUTOS = YES_AGGRESSIVE;
				GCC_WARN_UNUSED_FUNCTION = YES;
				GCC_WARN_UNUSED_VARIABLE = YES;
				IPHONEOS_DEPLOYMENT_TARGET = 11.3;
				MTL_ENABLE_DEBUG_INFO = NO;
				SDKROOT = iphoneos;
				VALIDATE_PRODUCT = YES;
			};
			name = Release;
		};
		31DCC35C21205FA10003F03A /* Debug */ = {
			isa = XCBuildConfiguration;
			buildSettings = {
				ASSETCATALOG_COMPILER_APPICON_NAME = AppIcon;
				CODE_SIGN_STYLE = Automatic;
				DEVELOPMENT_TEAM = HNHZ2LR93M;
				INFOPLIST_FILE = MyExRestAPIService/Info.plist;
				LD_RUNPATH_SEARCH_PATHS = (
					"$(inherited)",
					"@executable_path/Frameworks",
				);
				PRODUCT_BUNDLE_IDENTIFIER = com.qoden.MyExRestAPIService;
				PRODUCT_NAME = "$(TARGET_NAME)";
				TARGETED_DEVICE_FAMILY = "1,2";
			};
			name = Debug;
		};
		31DCC35D21205FA10003F03A /* Release */ = {
			isa = XCBuildConfiguration;
			buildSettings = {
				ASSETCATALOG_COMPILER_APPICON_NAME = AppIcon;
				CODE_SIGN_STYLE = Automatic;
				DEVELOPMENT_TEAM = HNHZ2LR93M;
				INFOPLIST_FILE = MyExRestAPIService/Info.plist;
				LD_RUNPATH_SEARCH_PATHS = (
					"$(inherited)",
					"@executable_path/Frameworks",
				);
				PRODUCT_BUNDLE_IDENTIFIER = com.qoden.MyExRestAPIService;
				PRODUCT_NAME = "$(TARGET_NAME)";
				TARGETED_DEVICE_FAMILY = "1,2";
			};
			name = Release;
		};
/* End XCBuildConfiguration section */

/* Begin XCConfigurationList section */
		31DCC34021205FA00003F03A /* Build configuration list for PBXProject "MyExRestAPIService" */ = {
			isa = XCConfigurationList;
			buildConfigurations = (
				31DCC35921205FA10003F03A /* Debug */,
				31DCC35A21205FA10003F03A /* Release */,
			);
			defaultConfigurationIsVisible = 0;
			defaultConfigurationName = Release;
		};
		31DCC35B21205FA10003F03A /* Build configuration list for PBXNativeTarget "MyExRestAPIService" */ = {
			isa = XCConfigurationList;
			buildConfigurations = (
				31DCC35C21205FA10003F03A /* Debug */,
				31DCC35D21205FA10003F03A /* Release */,
			);
			defaultConfigurationIsVisible = 0;
			defaultConfigurationName = Release;
		};
/* End XCConfigurationList section */
	};
	rootObject = 31DCC33D21205FA00003F03A /* Project object */;
}
